
Microsoft Visual Studio Solution File, Format Version 12.00
# Visual Studio Version 17
VisualStudioVersion = 17.0.31717.71
MinimumVisualStudioVersion = 10.0.40219.1
Project("{9A19103F-16F7-4668-BE54-9A1E7A4F7556}") = "ElectronicObserver", "ElectronicObserver\ElectronicObserver.csproj", "{A9ABEC50-1BFC-4C69-87AE-C68DB6004F68}"
EndProject
Project("{9A19103F-16F7-4668-BE54-9A1E7A4F7556}") = "Browser", "Browser\Browser.csproj", "{87A2B596-57D0-48BB-B522-895782D7A6FC}"
EndProject
Project("{2150E333-8FDC-42A3-9474-1A3956D46DE8}") = "Solution Items", "Solution Items", "{28D9C14D-801B-42B7-B498-ABF8078541FD}"
	ProjectSection(SolutionItems) = preProject
		.editorconfig = .editorconfig
		Settings.XamlStyler = Settings.XamlStyler
	EndProjectSection
EndProject
Project("{9A19103F-16F7-4668-BE54-9A1E7A4F7556}") = "EOUpdater", "EOUpdater\EOUpdater.csproj", "{CA2A3648-9C19-4CB7-8A17-754552823C26}"
EndProject
Project("{9A19103F-16F7-4668-BE54-9A1E7A4F7556}") = "BrowserLibCore", "BrowserLibCore\BrowserLibCore.csproj", "{85325F04-7F84-4C81-B775-2FCB5827818C}"
EndProject
Project("{9A19103F-16F7-4668-BE54-9A1E7A4F7556}") = "ElectronicObserverCoreTests", "ElectronicObserverCoreTests\ElectronicObserverCoreTests.csproj", "{93519D27-F710-406F-9CAC-C4BC8698D50D}"
EndProject
Project("{9A19103F-16F7-4668-BE54-9A1E7A4F7556}") = "ElectronicObserverTypes", "ElectronicObserverTypes\ElectronicObserverTypes.csproj", "{B5FFF803-DA98-4ED2-B38B-A2DBABD4D6A5}"
EndProject
Project("{9A19103F-16F7-4668-BE54-9A1E7A4F7556}") = "KancolleProgress", "KancolleProgress\KancolleProgress.csproj", "{A3AAE51F-A61E-46ED-B84B-6F3AFD183BB5}"
EndProject
Project("{9A19103F-16F7-4668-BE54-9A1E7A4F7556}") = "AvalonDock.Themes.VS2013", "AvalonDock.Themes.VS2013\AvalonDock.Themes.VS2013.csproj", "{249AEFD1-9BFA-4BBD-9A46-0E3CF9CF99B6}"
EndProject
Project("{9A19103F-16F7-4668-BE54-9A1E7A4F7556}") = "ElectronicObserver.TestData", "ElectronicObserver.TestData\ElectronicObserver.TestData.csproj", "{EED09122-C133-4195-8AFA-A2AB74BC06EA}"
EndProject
Project("{9A19103F-16F7-4668-BE54-9A1E7A4F7556}") = "ElectronicObserver.SourceGenerators", "ElectronicObserver.SourceGenerators\ElectronicObserver.SourceGenerators.csproj", "{61B5D946-B3E5-45AE-91AB-55B061DA14FD}"
EndProject
Project("{9A19103F-16F7-4668-BE54-9A1E7A4F7556}") = "ElectronicObserver.KancolleApi.Types", "ElectronicObserver.KancolleApi.Types\ElectronicObserver.KancolleApi.Types.csproj", "{213BC50D-423A-4268-B826-B9154F946E70}"
EndProject
Project("{9A19103F-16F7-4668-BE54-9A1E7A4F7556}") = "ElectronicObserver.Avalonia", "ElectronicObserver.Avalonia\ElectronicObserver.Avalonia.csproj", "{6D6DDCA6-4447-4539-809A-8F1EF24B15A8}"
EndProject
Project("{9A19103F-16F7-4668-BE54-9A1E7A4F7556}") = "Avalonia.Win32.Interoperability", "Avalonia.Win32.Interoperability\Avalonia.Win32.Interoperability.csproj", "{36E3FD63-4F9B-4F51-9006-85C25609546B}"
EndProject
Project("{9A19103F-16F7-4668-BE54-9A1E7A4F7556}") = "ElectronicObserver.Avalonia.Samples", "ElectronicObserver.Avalonia.Samples\ElectronicObserver.Avalonia.Samples.csproj", "{45E46FF6-7931-4B5A-8304-D2882C4B8B07}"
EndProject
Project("{FAE04EC0-301F-11D3-BF4B-00C04F79EFBC}") = "ElectronicObserver.KancolleApi", "ElectronicObserver.KancolleApi\ElectronicObserver.KancolleApi.csproj", "{A4DA23DF-7E0B-47C9-ABFB-2D0DED85B9C4}"
EndProject
Global
	GlobalSection(SolutionConfigurationPlatforms) = preSolution
		Browser Debug|Any CPU = Browser Debug|Any CPU
		Browser Debug|x64 = Browser Debug|x64
		Debug|Any CPU = Debug|Any CPU
		Debug|x64 = Debug|x64
		Release|Any CPU = Release|Any CPU
		Release|x64 = Release|x64
	EndGlobalSection
	GlobalSection(ProjectConfigurationPlatforms) = postSolution
		{A9ABEC50-1BFC-4C69-87AE-C68DB6004F68}.Browser Debug|Any CPU.ActiveCfg = Browser Debug|x64
		{A9ABEC50-1BFC-4C69-87AE-C68DB6004F68}.Browser Debug|Any CPU.Build.0 = Browser Debug|x64
		{A9ABEC50-1BFC-4C69-87AE-C68DB6004F68}.Browser Debug|x64.ActiveCfg = Browser Debug|x64
		{A9ABEC50-1BFC-4C69-87AE-C68DB6004F68}.Browser Debug|x64.Build.0 = Browser Debug|x64
		{A9ABEC50-1BFC-4C69-87AE-C68DB6004F68}.Debug|Any CPU.ActiveCfg = Debug|x64
		{A9ABEC50-1BFC-4C69-87AE-C68DB6004F68}.Debug|Any CPU.Build.0 = Debug|x64
		{A9ABEC50-1BFC-4C69-87AE-C68DB6004F68}.Debug|x64.ActiveCfg = Debug|x64
		{A9ABEC50-1BFC-4C69-87AE-C68DB6004F68}.Debug|x64.Build.0 = Debug|x64
		{A9ABEC50-1BFC-4C69-87AE-C68DB6004F68}.Release|Any CPU.ActiveCfg = Release|x64
		{A9ABEC50-1BFC-4C69-87AE-C68DB6004F68}.Release|Any CPU.Build.0 = Release|x64
		{A9ABEC50-1BFC-4C69-87AE-C68DB6004F68}.Release|x64.ActiveCfg = Release|x64
		{A9ABEC50-1BFC-4C69-87AE-C68DB6004F68}.Release|x64.Build.0 = Release|x64
		{87A2B596-57D0-48BB-B522-895782D7A6FC}.Browser Debug|Any CPU.ActiveCfg = Debug|x64
		{87A2B596-57D0-48BB-B522-895782D7A6FC}.Browser Debug|Any CPU.Build.0 = Debug|x64
		{87A2B596-57D0-48BB-B522-895782D7A6FC}.Browser Debug|x64.ActiveCfg = Debug|x64
		{87A2B596-57D0-48BB-B522-895782D7A6FC}.Debug|Any CPU.ActiveCfg = Debug|x64
		{87A2B596-57D0-48BB-B522-895782D7A6FC}.Debug|Any CPU.Build.0 = Debug|x64
		{87A2B596-57D0-48BB-B522-895782D7A6FC}.Debug|x64.ActiveCfg = Debug|x64
		{87A2B596-57D0-48BB-B522-895782D7A6FC}.Debug|x64.Build.0 = Debug|x64
		{87A2B596-57D0-48BB-B522-895782D7A6FC}.Release|Any CPU.ActiveCfg = Release|x64
		{87A2B596-57D0-48BB-B522-895782D7A6FC}.Release|Any CPU.Build.0 = Release|x64
		{87A2B596-57D0-48BB-B522-895782D7A6FC}.Release|x64.ActiveCfg = Release|x64
		{87A2B596-57D0-48BB-B522-895782D7A6FC}.Release|x64.Build.0 = Release|x64
		{CA2A3648-9C19-4CB7-8A17-754552823C26}.Browser Debug|Any CPU.ActiveCfg = Debug|Any CPU
		{CA2A3648-9C19-4CB7-8A17-754552823C26}.Browser Debug|Any CPU.Build.0 = Debug|Any CPU
		{CA2A3648-9C19-4CB7-8A17-754552823C26}.Browser Debug|x64.ActiveCfg = Debug|Any CPU
		{CA2A3648-9C19-4CB7-8A17-754552823C26}.Browser Debug|x64.Build.0 = Debug|Any CPU
		{CA2A3648-9C19-4CB7-8A17-754552823C26}.Debug|Any CPU.ActiveCfg = Debug|Any CPU
		{CA2A3648-9C19-4CB7-8A17-754552823C26}.Debug|Any CPU.Build.0 = Debug|Any CPU
		{CA2A3648-9C19-4CB7-8A17-754552823C26}.Debug|x64.ActiveCfg = Debug|Any CPU
		{CA2A3648-9C19-4CB7-8A17-754552823C26}.Debug|x64.Build.0 = Debug|Any CPU
		{CA2A3648-9C19-4CB7-8A17-754552823C26}.Release|Any CPU.ActiveCfg = Release|Any CPU
		{CA2A3648-9C19-4CB7-8A17-754552823C26}.Release|Any CPU.Build.0 = Release|Any CPU
		{CA2A3648-9C19-4CB7-8A17-754552823C26}.Release|x64.ActiveCfg = Release|Any CPU
		{CA2A3648-9C19-4CB7-8A17-754552823C26}.Release|x64.Build.0 = Release|Any CPU
		{85325F04-7F84-4C81-B775-2FCB5827818C}.Browser Debug|Any CPU.ActiveCfg = Debug|x64
		{85325F04-7F84-4C81-B775-2FCB5827818C}.Browser Debug|Any CPU.Build.0 = Debug|x64
		{85325F04-7F84-4C81-B775-2FCB5827818C}.Browser Debug|x64.ActiveCfg = Debug|x64
		{85325F04-7F84-4C81-B775-2FCB5827818C}.Browser Debug|x64.Build.0 = Debug|x64
		{85325F04-7F84-4C81-B775-2FCB5827818C}.Debug|Any CPU.ActiveCfg = Debug|x64
		{85325F04-7F84-4C81-B775-2FCB5827818C}.Debug|Any CPU.Build.0 = Debug|x64
		{85325F04-7F84-4C81-B775-2FCB5827818C}.Debug|x64.ActiveCfg = Debug|x64
		{85325F04-7F84-4C81-B775-2FCB5827818C}.Debug|x64.Build.0 = Debug|x64
		{85325F04-7F84-4C81-B775-2FCB5827818C}.Release|Any CPU.ActiveCfg = Release|x64
		{85325F04-7F84-4C81-B775-2FCB5827818C}.Release|Any CPU.Build.0 = Release|x64
		{85325F04-7F84-4C81-B775-2FCB5827818C}.Release|x64.ActiveCfg = Release|x64
		{85325F04-7F84-4C81-B775-2FCB5827818C}.Release|x64.Build.0 = Release|x64
		{93519D27-F710-406F-9CAC-C4BC8698D50D}.Browser Debug|Any CPU.ActiveCfg = Debug|Any CPU
		{93519D27-F710-406F-9CAC-C4BC8698D50D}.Browser Debug|Any CPU.Build.0 = Debug|Any CPU
		{93519D27-F710-406F-9CAC-C4BC8698D50D}.Browser Debug|x64.ActiveCfg = Debug|Any CPU
		{93519D27-F710-406F-9CAC-C4BC8698D50D}.Browser Debug|x64.Build.0 = Debug|Any CPU
		{93519D27-F710-406F-9CAC-C4BC8698D50D}.Debug|Any CPU.ActiveCfg = Debug|Any CPU
		{93519D27-F710-406F-9CAC-C4BC8698D50D}.Debug|Any CPU.Build.0 = Debug|Any CPU
		{93519D27-F710-406F-9CAC-C4BC8698D50D}.Debug|x64.ActiveCfg = Debug|Any CPU
		{93519D27-F710-406F-9CAC-C4BC8698D50D}.Debug|x64.Build.0 = Debug|Any CPU
		{93519D27-F710-406F-9CAC-C4BC8698D50D}.Release|Any CPU.ActiveCfg = Release|Any CPU
		{93519D27-F710-406F-9CAC-C4BC8698D50D}.Release|Any CPU.Build.0 = Release|Any CPU
		{93519D27-F710-406F-9CAC-C4BC8698D50D}.Release|x64.ActiveCfg = Release|Any CPU
		{93519D27-F710-406F-9CAC-C4BC8698D50D}.Release|x64.Build.0 = Release|Any CPU
		{B5FFF803-DA98-4ED2-B38B-A2DBABD4D6A5}.Browser Debug|Any CPU.ActiveCfg = Debug|Any CPU
		{B5FFF803-DA98-4ED2-B38B-A2DBABD4D6A5}.Browser Debug|Any CPU.Build.0 = Debug|Any CPU
		{B5FFF803-DA98-4ED2-B38B-A2DBABD4D6A5}.Browser Debug|x64.ActiveCfg = Debug|Any CPU
		{B5FFF803-DA98-4ED2-B38B-A2DBABD4D6A5}.Browser Debug|x64.Build.0 = Debug|Any CPU
		{B5FFF803-DA98-4ED2-B38B-A2DBABD4D6A5}.Debug|Any CPU.ActiveCfg = Debug|Any CPU
		{B5FFF803-DA98-4ED2-B38B-A2DBABD4D6A5}.Debug|Any CPU.Build.0 = Debug|Any CPU
		{B5FFF803-DA98-4ED2-B38B-A2DBABD4D6A5}.Debug|x64.ActiveCfg = Debug|Any CPU
		{B5FFF803-DA98-4ED2-B38B-A2DBABD4D6A5}.Debug|x64.Build.0 = Debug|Any CPU
		{B5FFF803-DA98-4ED2-B38B-A2DBABD4D6A5}.Release|Any CPU.ActiveCfg = Release|Any CPU
		{B5FFF803-DA98-4ED2-B38B-A2DBABD4D6A5}.Release|Any CPU.Build.0 = Release|Any CPU
		{B5FFF803-DA98-4ED2-B38B-A2DBABD4D6A5}.Release|x64.ActiveCfg = Release|Any CPU
		{B5FFF803-DA98-4ED2-B38B-A2DBABD4D6A5}.Release|x64.Build.0 = Release|Any CPU
		{A3AAE51F-A61E-46ED-B84B-6F3AFD183BB5}.Browser Debug|Any CPU.ActiveCfg = Debug|x64
		{A3AAE51F-A61E-46ED-B84B-6F3AFD183BB5}.Browser Debug|Any CPU.Build.0 = Debug|x64
		{A3AAE51F-A61E-46ED-B84B-6F3AFD183BB5}.Browser Debug|x64.ActiveCfg = Debug|x64
		{A3AAE51F-A61E-46ED-B84B-6F3AFD183BB5}.Browser Debug|x64.Build.0 = Debug|x64
		{A3AAE51F-A61E-46ED-B84B-6F3AFD183BB5}.Debug|Any CPU.ActiveCfg = Debug|x64
		{A3AAE51F-A61E-46ED-B84B-6F3AFD183BB5}.Debug|Any CPU.Build.0 = Debug|x64
		{A3AAE51F-A61E-46ED-B84B-6F3AFD183BB5}.Debug|x64.ActiveCfg = Debug|x64
		{A3AAE51F-A61E-46ED-B84B-6F3AFD183BB5}.Debug|x64.Build.0 = Debug|x64
		{A3AAE51F-A61E-46ED-B84B-6F3AFD183BB5}.Release|Any CPU.ActiveCfg = Release|x64
		{A3AAE51F-A61E-46ED-B84B-6F3AFD183BB5}.Release|Any CPU.Build.0 = Release|x64
		{A3AAE51F-A61E-46ED-B84B-6F3AFD183BB5}.Release|x64.ActiveCfg = Release|x64
		{A3AAE51F-A61E-46ED-B84B-6F3AFD183BB5}.Release|x64.Build.0 = Release|x64
		{249AEFD1-9BFA-4BBD-9A46-0E3CF9CF99B6}.Browser Debug|Any CPU.ActiveCfg = Debug|x64
		{249AEFD1-9BFA-4BBD-9A46-0E3CF9CF99B6}.Browser Debug|Any CPU.Build.0 = Debug|x64
		{249AEFD1-9BFA-4BBD-9A46-0E3CF9CF99B6}.Browser Debug|x64.ActiveCfg = Debug|x64
		{249AEFD1-9BFA-4BBD-9A46-0E3CF9CF99B6}.Browser Debug|x64.Build.0 = Debug|x64
		{249AEFD1-9BFA-4BBD-9A46-0E3CF9CF99B6}.Debug|Any CPU.ActiveCfg = Debug|x64
		{249AEFD1-9BFA-4BBD-9A46-0E3CF9CF99B6}.Debug|Any CPU.Build.0 = Debug|x64
		{249AEFD1-9BFA-4BBD-9A46-0E3CF9CF99B6}.Debug|x64.ActiveCfg = Debug|x64
		{249AEFD1-9BFA-4BBD-9A46-0E3CF9CF99B6}.Debug|x64.Build.0 = Debug|x64
		{249AEFD1-9BFA-4BBD-9A46-0E3CF9CF99B6}.Release|Any CPU.ActiveCfg = Release|x64
		{249AEFD1-9BFA-4BBD-9A46-0E3CF9CF99B6}.Release|Any CPU.Build.0 = Release|x64
		{249AEFD1-9BFA-4BBD-9A46-0E3CF9CF99B6}.Release|x64.ActiveCfg = Release|x64
		{249AEFD1-9BFA-4BBD-9A46-0E3CF9CF99B6}.Release|x64.Build.0 = Release|x64
		{EED09122-C133-4195-8AFA-A2AB74BC06EA}.Browser Debug|Any CPU.ActiveCfg = Debug|x64
		{EED09122-C133-4195-8AFA-A2AB74BC06EA}.Browser Debug|Any CPU.Build.0 = Debug|x64
		{EED09122-C133-4195-8AFA-A2AB74BC06EA}.Browser Debug|x64.ActiveCfg = Debug|x64
		{EED09122-C133-4195-8AFA-A2AB74BC06EA}.Browser Debug|x64.Build.0 = Debug|x64
		{EED09122-C133-4195-8AFA-A2AB74BC06EA}.Debug|Any CPU.ActiveCfg = Debug|x64
		{EED09122-C133-4195-8AFA-A2AB74BC06EA}.Debug|Any CPU.Build.0 = Debug|x64
		{EED09122-C133-4195-8AFA-A2AB74BC06EA}.Debug|x64.ActiveCfg = Debug|x64
		{EED09122-C133-4195-8AFA-A2AB74BC06EA}.Debug|x64.Build.0 = Debug|x64
		{EED09122-C133-4195-8AFA-A2AB74BC06EA}.Release|Any CPU.ActiveCfg = Release|x64
		{EED09122-C133-4195-8AFA-A2AB74BC06EA}.Release|Any CPU.Build.0 = Release|x64
		{EED09122-C133-4195-8AFA-A2AB74BC06EA}.Release|x64.ActiveCfg = Release|x64
		{EED09122-C133-4195-8AFA-A2AB74BC06EA}.Release|x64.Build.0 = Release|x64
		{61B5D946-B3E5-45AE-91AB-55B061DA14FD}.Browser Debug|Any CPU.ActiveCfg = Debug|Any CPU
		{61B5D946-B3E5-45AE-91AB-55B061DA14FD}.Browser Debug|Any CPU.Build.0 = Debug|Any CPU
		{61B5D946-B3E5-45AE-91AB-55B061DA14FD}.Browser Debug|x64.ActiveCfg = Debug|Any CPU
		{61B5D946-B3E5-45AE-91AB-55B061DA14FD}.Browser Debug|x64.Build.0 = Debug|Any CPU
		{61B5D946-B3E5-45AE-91AB-55B061DA14FD}.Debug|Any CPU.ActiveCfg = Debug|Any CPU
		{61B5D946-B3E5-45AE-91AB-55B061DA14FD}.Debug|Any CPU.Build.0 = Debug|Any CPU
		{61B5D946-B3E5-45AE-91AB-55B061DA14FD}.Debug|x64.ActiveCfg = Debug|Any CPU
		{61B5D946-B3E5-45AE-91AB-55B061DA14FD}.Debug|x64.Build.0 = Debug|Any CPU
		{61B5D946-B3E5-45AE-91AB-55B061DA14FD}.Release|Any CPU.ActiveCfg = Release|Any CPU
		{61B5D946-B3E5-45AE-91AB-55B061DA14FD}.Release|Any CPU.Build.0 = Release|Any CPU
		{61B5D946-B3E5-45AE-91AB-55B061DA14FD}.Release|x64.ActiveCfg = Release|Any CPU
		{61B5D946-B3E5-45AE-91AB-55B061DA14FD}.Release|x64.Build.0 = Release|Any CPU
		{213BC50D-423A-4268-B826-B9154F946E70}.Browser Debug|Any CPU.ActiveCfg = Debug|Any CPU
		{213BC50D-423A-4268-B826-B9154F946E70}.Browser Debug|Any CPU.Build.0 = Debug|Any CPU
		{213BC50D-423A-4268-B826-B9154F946E70}.Browser Debug|x64.ActiveCfg = Debug|Any CPU
		{213BC50D-423A-4268-B826-B9154F946E70}.Browser Debug|x64.Build.0 = Debug|Any CPU
		{213BC50D-423A-4268-B826-B9154F946E70}.Debug|Any CPU.ActiveCfg = Debug|Any CPU
		{213BC50D-423A-4268-B826-B9154F946E70}.Debug|Any CPU.Build.0 = Debug|Any CPU
		{213BC50D-423A-4268-B826-B9154F946E70}.Debug|x64.ActiveCfg = Debug|Any CPU
		{213BC50D-423A-4268-B826-B9154F946E70}.Debug|x64.Build.0 = Debug|Any CPU
		{213BC50D-423A-4268-B826-B9154F946E70}.Release|Any CPU.ActiveCfg = Release|Any CPU
		{213BC50D-423A-4268-B826-B9154F946E70}.Release|Any CPU.Build.0 = Release|Any CPU
		{213BC50D-423A-4268-B826-B9154F946E70}.Release|x64.ActiveCfg = Release|Any CPU
		{213BC50D-423A-4268-B826-B9154F946E70}.Release|x64.Build.0 = Release|Any CPU
		{6D6DDCA6-4447-4539-809A-8F1EF24B15A8}.Browser Debug|Any CPU.ActiveCfg = Debug|Any CPU
		{6D6DDCA6-4447-4539-809A-8F1EF24B15A8}.Browser Debug|Any CPU.Build.0 = Debug|Any CPU
		{6D6DDCA6-4447-4539-809A-8F1EF24B15A8}.Browser Debug|x64.ActiveCfg = Debug|Any CPU
		{6D6DDCA6-4447-4539-809A-8F1EF24B15A8}.Browser Debug|x64.Build.0 = Debug|Any CPU
		{6D6DDCA6-4447-4539-809A-8F1EF24B15A8}.Debug|Any CPU.ActiveCfg = Debug|Any CPU
		{6D6DDCA6-4447-4539-809A-8F1EF24B15A8}.Debug|Any CPU.Build.0 = Debug|Any CPU
		{6D6DDCA6-4447-4539-809A-8F1EF24B15A8}.Debug|x64.ActiveCfg = Debug|Any CPU
		{6D6DDCA6-4447-4539-809A-8F1EF24B15A8}.Debug|x64.Build.0 = Debug|Any CPU
		{6D6DDCA6-4447-4539-809A-8F1EF24B15A8}.Release|Any CPU.ActiveCfg = Release|Any CPU
		{6D6DDCA6-4447-4539-809A-8F1EF24B15A8}.Release|Any CPU.Build.0 = Release|Any CPU
		{6D6DDCA6-4447-4539-809A-8F1EF24B15A8}.Release|x64.ActiveCfg = Release|Any CPU
		{6D6DDCA6-4447-4539-809A-8F1EF24B15A8}.Release|x64.Build.0 = Release|Any CPU
		{36E3FD63-4F9B-4F51-9006-85C25609546B}.Browser Debug|Any CPU.ActiveCfg = Debug|Any CPU
		{36E3FD63-4F9B-4F51-9006-85C25609546B}.Browser Debug|Any CPU.Build.0 = Debug|Any CPU
		{36E3FD63-4F9B-4F51-9006-85C25609546B}.Browser Debug|x64.ActiveCfg = Debug|Any CPU
		{36E3FD63-4F9B-4F51-9006-85C25609546B}.Browser Debug|x64.Build.0 = Debug|Any CPU
		{36E3FD63-4F9B-4F51-9006-85C25609546B}.Debug|Any CPU.ActiveCfg = Debug|Any CPU
		{36E3FD63-4F9B-4F51-9006-85C25609546B}.Debug|Any CPU.Build.0 = Debug|Any CPU
		{36E3FD63-4F9B-4F51-9006-85C25609546B}.Debug|x64.ActiveCfg = Debug|Any CPU
		{36E3FD63-4F9B-4F51-9006-85C25609546B}.Debug|x64.Build.0 = Debug|Any CPU
		{36E3FD63-4F9B-4F51-9006-85C25609546B}.Release|Any CPU.ActiveCfg = Release|Any CPU
		{36E3FD63-4F9B-4F51-9006-85C25609546B}.Release|Any CPU.Build.0 = Release|Any CPU
		{36E3FD63-4F9B-4F51-9006-85C25609546B}.Release|x64.ActiveCfg = Release|Any CPU
		{36E3FD63-4F9B-4F51-9006-85C25609546B}.Release|x64.Build.0 = Release|Any CPU
		{45E46FF6-7931-4B5A-8304-D2882C4B8B07}.Browser Debug|Any CPU.ActiveCfg = Debug|Any CPU
		{45E46FF6-7931-4B5A-8304-D2882C4B8B07}.Browser Debug|Any CPU.Build.0 = Debug|Any CPU
		{45E46FF6-7931-4B5A-8304-D2882C4B8B07}.Browser Debug|x64.ActiveCfg = Debug|Any CPU
		{45E46FF6-7931-4B5A-8304-D2882C4B8B07}.Browser Debug|x64.Build.0 = Debug|Any CPU
		{45E46FF6-7931-4B5A-8304-D2882C4B8B07}.Debug|Any CPU.ActiveCfg = Debug|Any CPU
		{45E46FF6-7931-4B5A-8304-D2882C4B8B07}.Debug|Any CPU.Build.0 = Debug|Any CPU
		{45E46FF6-7931-4B5A-8304-D2882C4B8B07}.Debug|x64.ActiveCfg = Debug|Any CPU
		{45E46FF6-7931-4B5A-8304-D2882C4B8B07}.Debug|x64.Build.0 = Debug|Any CPU
		{45E46FF6-7931-4B5A-8304-D2882C4B8B07}.Release|Any CPU.ActiveCfg = Release|Any CPU
		{45E46FF6-7931-4B5A-8304-D2882C4B8B07}.Release|Any CPU.Build.0 = Release|Any CPU
		{45E46FF6-7931-4B5A-8304-D2882C4B8B07}.Release|x64.ActiveCfg = Release|Any CPU
		{45E46FF6-7931-4B5A-8304-D2882C4B8B07}.Release|x64.Build.0 = Release|Any CPU
		{A4DA23DF-7E0B-47C9-ABFB-2D0DED85B9C4}.Browser Debug|Any CPU.ActiveCfg = Debug|Any CPU
		{A4DA23DF-7E0B-47C9-ABFB-2D0DED85B9C4}.Browser Debug|Any CPU.Build.0 = Debug|Any CPU
		{A4DA23DF-7E0B-47C9-ABFB-2D0DED85B9C4}.Browser Debug|x64.ActiveCfg = Debug|Any CPU
		{A4DA23DF-7E0B-47C9-ABFB-2D0DED85B9C4}.Browser Debug|x64.Build.0 = Debug|Any CPU
		{A4DA23DF-7E0B-47C9-ABFB-2D0DED85B9C4}.Debug|Any CPU.ActiveCfg = Debug|Any CPU
		{A4DA23DF-7E0B-47C9-ABFB-2D0DED85B9C4}.Debug|Any CPU.Build.0 = Debug|Any CPU
		{A4DA23DF-7E0B-47C9-ABFB-2D0DED85B9C4}.Debug|x64.ActiveCfg = Debug|Any CPU
		{A4DA23DF-7E0B-47C9-ABFB-2D0DED85B9C4}.Debug|x64.Build.0 = Debug|Any CPU
		{A4DA23DF-7E0B-47C9-ABFB-2D0DED85B9C4}.Release|Any CPU.ActiveCfg = Release|Any CPU
		{A4DA23DF-7E0B-47C9-ABFB-2D0DED85B9C4}.Release|Any CPU.Build.0 = Release|Any CPU
		{A4DA23DF-7E0B-47C9-ABFB-2D0DED85B9C4}.Release|x64.ActiveCfg = Release|Any CPU
		{A4DA23DF-7E0B-47C9-ABFB-2D0DED85B9C4}.Release|x64.Build.0 = Release|Any CPU
	EndGlobalSection
	GlobalSection(SolutionProperties) = preSolution
		HideSolutionNode = FALSE
	EndGlobalSection
	GlobalSection(ExtensibilityGlobals) = postSolution
		SolutionGuid = {84B27D64-9786-4547-801E-3631DDC32551}
	EndGlobalSection
EndGlobal
